{
  "object": {
    "pins": [
      {
        "package": "AKButton",
        "repositoryURL": "https://github.com/akolov/AKButton.git",
        "state": {
          "branch": null,
          "revision": "56679b741395bb5624e656b9c844966c198aed0a",
          "version": "2.0.0"
        }
      },
      {
        "package": "RxSwift",
        "repositoryURL": "https://github.com/ReactiveX/RxSwift.git",
        "state": {
          "branch": null,
          "revision": "7e01c05f25c025143073eaa3be3532f9375c614b",
          "version": "6.1.0"
        }
      }
    ]
  },
  "version": 1
}
