{
  "object": {
    "pins": [
      {
        "package": "AKButton",
        "repositoryURL": "https://github.com/akolov/AKButton.git",
        "state": {
          "branch": null,
          "revision": "bfe57d1ffe78be630d077557334aaa9ba06d1b25",
          "version": "2.1.0"
        }
      },
      {
        "package": "RxSwift",
        "repositoryURL": "https://github.com/ReactiveX/RxSwift.git",
        "state": {
          "branch": null,
          "revision": "b4307ba0b6425c0ba4178e138799946c3da594f8",
          "version": "6.5.0"
        }
      }
    ]
  },
  "version": 1
}
