{
  "object": {
    "pins": [
      {
        "package": "AKButton",
        "repositoryURL": "https://github.com/akolov/AKButton.git",
        "state": {
          "branch": null,
          "revision": "98c7f3c055c5b19c5ee36dff1587b76e9a00254b",
          "version": "1.0.4"
        }
      },
      {
        "package": "RxSwift",
        "repositoryURL": "https://github.com/ReactiveX/RxSwift.git",
        "state": {
          "branch": null,
          "revision": "002d325b0bdee94e7882e1114af5ff4fe1e96afa",
          "version": "5.1.1"
        }
      }
    ]
  },
  "version": 1
}
